
Microsoft Visual Studio Solution File, Format Version 12.00
# Visual Studio Version 17
VisualStudioVersion = 17.14.36915.13 d17.14
MinimumVisualStudioVersion = 10.0.40219.1
Project("{FAE04EC0-301F-11D3-BF4B-00C04F79EFBC}") = "Employee", "Employee\Employee.csproj", "{0571C7A9-3BE4-46FB-8A4A-3A11503CC538}"
EndProject
Global
	GlobalSection(SolutionConfigurationPlatforms) = preSolution
		Debug|Any CPU = Debug|Any CPU
		Release|Any CPU = Release|Any CPU
	EndGlobalSection
	GlobalSection(ProjectConfigurationPlatforms) = postSolution
		{0571C7A9-3BE4-46FB-8A4A-3A11503CC538}.Debug|Any CPU.ActiveCfg = Debug|Any CPU
		{0571C7A9-3BE4-46FB-8A4A-3A11503CC538}.Debug|Any CPU.Build.0 = Debug|Any CPU
		{0571C7A9-3BE4-46FB-8A4A-3A11503CC538}.Release|Any CPU.ActiveCfg = Release|Any CPU
		{0571C7A9-3BE4-46FB-8A4A-3A11503CC538}.Release|Any CPU.Build.0 = Release|Any CPU
	EndGlobalSection
	GlobalSection(SolutionProperties) = preSolution
		HideSolutionNode = FALSE
	EndGlobalSection
	GlobalSection(ExtensibilityGlobals) = postSolution
		SolutionGuid = {A208CF0E-DA0E-41FD-99D5-599225FE6EFC}
	EndGlobalSection
EndGlobal
