
Microsoft Visual Studio Solution File, Format Version 12.00
# Visual Studio Version 17
VisualStudioVersion = 17.14.36915.13 d17.14
MinimumVisualStudioVersion = 10.0.40219.1
Project("{FAE04EC0-301F-11D3-BF4B-00C04F79EFBC}") = "InsuranceConsoleApp", "InsuranceConsoleApp\InsuranceConsoleApp.csproj", "{CD4FD083-339D-41CE-8D3D-16C3997D199F}"
EndProject
Project("{FAE04EC0-301F-11D3-BF4B-00C04F79EFBC}") = "InsuranceLibrary", "InsuranceLibrary\InsuranceLibrary.csproj", "{38794175-D79A-45BB-BAFC-FE5CB34ECD3F}"
EndProject
Global
	GlobalSection(SolutionConfigurationPlatforms) = preSolution
		Debug|Any CPU = Debug|Any CPU
		Release|Any CPU = Release|Any CPU
	EndGlobalSection
	GlobalSection(ProjectConfigurationPlatforms) = postSolution
		{CD4FD083-339D-41CE-8D3D-16C3997D199F}.Debug|Any CPU.ActiveCfg = Debug|Any CPU
		{CD4FD083-339D-41CE-8D3D-16C3997D199F}.Debug|Any CPU.Build.0 = Debug|Any CPU
		{CD4FD083-339D-41CE-8D3D-16C3997D199F}.Release|Any CPU.ActiveCfg = Release|Any CPU
		{CD4FD083-339D-41CE-8D3D-16C3997D199F}.Release|Any CPU.Build.0 = Release|Any CPU
		{38794175-D79A-45BB-BAFC-FE5CB34ECD3F}.Debug|Any CPU.ActiveCfg = Debug|Any CPU
		{38794175-D79A-45BB-BAFC-FE5CB34ECD3F}.Debug|Any CPU.Build.0 = Debug|Any CPU
		{38794175-D79A-45BB-BAFC-FE5CB34ECD3F}.Release|Any CPU.ActiveCfg = Release|Any CPU
		{38794175-D79A-45BB-BAFC-FE5CB34ECD3F}.Release|Any CPU.Build.0 = Release|Any CPU
	EndGlobalSection
	GlobalSection(SolutionProperties) = preSolution
		HideSolutionNode = FALSE
	EndGlobalSection
	GlobalSection(ExtensibilityGlobals) = postSolution
		SolutionGuid = {05B49DFB-CFFD-4A2C-9EF2-07F085CDEBA6}
	EndGlobalSection
EndGlobal
