
Microsoft Visual Studio Solution File, Format Version 12.00
# Visual Studio Version 17
VisualStudioVersion = 17.14.36915.13 d17.14
MinimumVisualStudioVersion = 10.0.40219.1
Project("{FAE04EC0-301F-11D3-BF4B-00C04F79EFBC}") = "StudentsAPI", "StudentsAPI\StudentsAPI.csproj", "{C9582537-3474-40E8-8D15-E011B8E9017A}"
EndProject
Global
	GlobalSection(SolutionConfigurationPlatforms) = preSolution
		Debug|Any CPU = Debug|Any CPU
		Release|Any CPU = Release|Any CPU
	EndGlobalSection
	GlobalSection(ProjectConfigurationPlatforms) = postSolution
		{C9582537-3474-40E8-8D15-E011B8E9017A}.Debug|Any CPU.ActiveCfg = Debug|Any CPU
		{C9582537-3474-40E8-8D15-E011B8E9017A}.Debug|Any CPU.Build.0 = Debug|Any CPU
		{C9582537-3474-40E8-8D15-E011B8E9017A}.Release|Any CPU.ActiveCfg = Release|Any CPU
		{C9582537-3474-40E8-8D15-E011B8E9017A}.Release|Any CPU.Build.0 = Release|Any CPU
	EndGlobalSection
	GlobalSection(SolutionProperties) = preSolution
		HideSolutionNode = FALSE
	EndGlobalSection
	GlobalSection(ExtensibilityGlobals) = postSolution
		SolutionGuid = {B3BB8FFA-4834-41FF-B4E1-42289B7F8FE5}
	EndGlobalSection
EndGlobal
